<?xml version="1.0" encoding="utf-8"?>
<Project ToolsVersion="4.0" xmlns="http://schemas.microsoft.com/developer/msbuild/2003">
  <ItemGroup>
    <Filter Include="Source Files">
      <UniqueIdentifier>{4FC737F1-C7A5-4376-A066-2A32D752A2FF}</UniqueIdentifier>
      <Extensions>cpp;c;cc;cxx;c++;cppm;ixx;def;odl;idl;hpj;bat;asm;asmx</Extensions>
    </Filter>
    <Filter Include="Shaders">
      <UniqueIdentifier>{5db1d1e4-1bdf-42c1-a5e7-c6428f1ecd8f}</UniqueIdentifier>
      <Extensions>frag;vert;</Extensions>
    </Filter>
    <Filter Include="Resources">
      <UniqueIdentifier>{67DA6AB6-F800-4c08-8B7A-83BB121AAD01}</UniqueIdentifier>
      <Extensions>rc;ico;cur;bmp;dlg;rc2;rct;bin;rgs;gif;jpg;jpeg;jpe;resx;tiff;tif;png;wav;mfcribbon-ms</Extensions>
    </Filter>
  </ItemGroup>
  <ItemGroup>
    <Image Include="awesomeface.png">
      <Filter>Resources</Filter>
    </Image>
    <Image Include="Cat.png">
      <Filter>Resources</Filter>
    </Image>
    <Image Include="dice.png">
      <Filter>Resources</Filter>
    </Image>
    <Image Include="dumi2.png">
      <Filter>Resources</Filter>
    </Image>
    <Image Include="face.png">
      <Filter>Resources</Filter>
    </Image>
    <Image Include="Matey.png">
      <Filter>Resources</Filter>
    </Image>
    <Image Include="wall.jpg">
      <Filter>Resources</Filter>
    </Image>
    <Image Include="earth.png">
      <Filter>Resources</Filter>
    </Image>
    <Image Include="sun.jpg">
      <Filter>Resources</Filter>
    </Image>
  </ItemGroup>
  <ItemGroup>
    <ClCompile Include="main.cpp">
      <Filter>Source Files</Filter>
    </ClCompile>
  </ItemGroup>
  <ItemGroup>
    <None Include="shader.frag">
      <Filter>Shaders</Filter>
    </None>
    <None Include="shader.vert">
      <Filter>Shaders</Filter>
    </None>
    <None Include="shaderLightSource.frag">
      <Filter>Shaders</Filter>
    </None>
  </ItemGroup>
</Project>