
Microsoft Visual Studio Solution File, Format Version 12.00
# Visual Studio Version 17
VisualStudioVersion = 17.6.33829.357
MinimumVisualStudioVersion = 10.0.40219.1
Project("{8BC9CEB8-8B4A-11D0-8D11-00A0C91BC942}") = "Common", "Common\Common.vcxproj", "{709C0A0D-33A1-4DF4-B1B9-D6E2BA554F80}"
	ProjectSection(ProjectDependencies) = postProject
		{A34FA71B-A60D-4A9D-B25D-063BC7240CC5} = {A34FA71B-A60D-4A9D-B25D-063BC7240CC5}
	EndProjectSection
EndProject
Project("{8BC9CEB8-8B4A-11D0-8D11-00A0C91BC942}") = "Application", "Application\Application.vcxproj", "{B48554EE-E8E9-48E8-97D7-1505DB1122F5}"
	ProjectSection(ProjectDependencies) = postProject
		{A34FA71B-A60D-4A9D-B25D-063BC7240CC5} = {A34FA71B-A60D-4A9D-B25D-063BC7240CC5}
		{CDBE0118-21E7-44B4-A545-E368ACA3D45A} = {CDBE0118-21E7-44B4-A545-E368ACA3D45A}
	EndProjectSection
EndProject
Project("{8BC9CEB8-8B4A-11D0-8D11-00A0C91BC942}") = "Graphics", "Graphics\Graphics.vcxproj", "{CDBE0118-21E7-44B4-A545-E368ACA3D45A}"
	ProjectSection(ProjectDependencies) = postProject
		{A34FA71B-A60D-4A9D-B25D-063BC7240CC5} = {A34FA71B-A60D-4A9D-B25D-063BC7240CC5}
	EndProjectSection
EndProject
Project("{8BC9CEB8-8B4A-11D0-8D11-00A0C91BC942}") = "Physics", "Physics\Physics.vcxproj", "{A55A6626-EED7-4A29-9F7D-E7E3358FA2C8}"
	ProjectSection(ProjectDependencies) = postProject
		{A34FA71B-A60D-4A9D-B25D-063BC7240CC5} = {A34FA71B-A60D-4A9D-B25D-063BC7240CC5}
	EndProjectSection
EndProject
Project("{8BC9CEB8-8B4A-11D0-8D11-00A0C91BC942}") = "Libraries", "Libraries\Libraries.vcxproj", "{A34FA71B-A60D-4A9D-B25D-063BC7240CC5}"
EndProject
Global
	GlobalSection(SolutionConfigurationPlatforms) = preSolution
		Debug|x64 = Debug|x64
		Debug|x86 = Debug|x86
		Release|x64 = Release|x64
		Release|x86 = Release|x86
	EndGlobalSection
	GlobalSection(ProjectConfigurationPlatforms) = postSolution
		{709C0A0D-33A1-4DF4-B1B9-D6E2BA554F80}.Debug|x64.ActiveCfg = Debug|x64
		{709C0A0D-33A1-4DF4-B1B9-D6E2BA554F80}.Debug|x64.Build.0 = Debug|x64
		{709C0A0D-33A1-4DF4-B1B9-D6E2BA554F80}.Debug|x86.ActiveCfg = Debug|Win32
		{709C0A0D-33A1-4DF4-B1B9-D6E2BA554F80}.Debug|x86.Build.0 = Debug|Win32
		{709C0A0D-33A1-4DF4-B1B9-D6E2BA554F80}.Release|x64.ActiveCfg = Release|x64
		{709C0A0D-33A1-4DF4-B1B9-D6E2BA554F80}.Release|x64.Build.0 = Release|x64
		{709C0A0D-33A1-4DF4-B1B9-D6E2BA554F80}.Release|x86.ActiveCfg = Release|Win32
		{709C0A0D-33A1-4DF4-B1B9-D6E2BA554F80}.Release|x86.Build.0 = Release|Win32
		{B48554EE-E8E9-48E8-97D7-1505DB1122F5}.Debug|x64.ActiveCfg = Debug|x64
		{B48554EE-E8E9-48E8-97D7-1505DB1122F5}.Debug|x64.Build.0 = Debug|x64
		{B48554EE-E8E9-48E8-97D7-1505DB1122F5}.Debug|x86.ActiveCfg = Debug|Win32
		{B48554EE-E8E9-48E8-97D7-1505DB1122F5}.Debug|x86.Build.0 = Debug|Win32
		{B48554EE-E8E9-48E8-97D7-1505DB1122F5}.Release|x64.ActiveCfg = Release|x64
		{B48554EE-E8E9-48E8-97D7-1505DB1122F5}.Release|x64.Build.0 = Release|x64
		{B48554EE-E8E9-48E8-97D7-1505DB1122F5}.Release|x86.ActiveCfg = Release|Win32
		{B48554EE-E8E9-48E8-97D7-1505DB1122F5}.Release|x86.Build.0 = Release|Win32
		{CDBE0118-21E7-44B4-A545-E368ACA3D45A}.Debug|x64.ActiveCfg = Debug|x64
		{CDBE0118-21E7-44B4-A545-E368ACA3D45A}.Debug|x64.Build.0 = Debug|x64
		{CDBE0118-21E7-44B4-A545-E368ACA3D45A}.Debug|x86.ActiveCfg = Debug|Win32
		{CDBE0118-21E7-44B4-A545-E368ACA3D45A}.Debug|x86.Build.0 = Debug|Win32
		{CDBE0118-21E7-44B4-A545-E368ACA3D45A}.Release|x64.ActiveCfg = Release|x64
		{CDBE0118-21E7-44B4-A545-E368ACA3D45A}.Release|x64.Build.0 = Release|x64
		{CDBE0118-21E7-44B4-A545-E368ACA3D45A}.Release|x86.ActiveCfg = Release|Win32
		{CDBE0118-21E7-44B4-A545-E368ACA3D45A}.Release|x86.Build.0 = Release|Win32
		{A55A6626-EED7-4A29-9F7D-E7E3358FA2C8}.Debug|x64.ActiveCfg = Debug|x64
		{A55A6626-EED7-4A29-9F7D-E7E3358FA2C8}.Debug|x64.Build.0 = Debug|x64
		{A55A6626-EED7-4A29-9F7D-E7E3358FA2C8}.Debug|x86.ActiveCfg = Debug|Win32
		{A55A6626-EED7-4A29-9F7D-E7E3358FA2C8}.Debug|x86.Build.0 = Debug|Win32
		{A55A6626-EED7-4A29-9F7D-E7E3358FA2C8}.Release|x64.ActiveCfg = Release|x64
		{A55A6626-EED7-4A29-9F7D-E7E3358FA2C8}.Release|x64.Build.0 = Release|x64
		{A55A6626-EED7-4A29-9F7D-E7E3358FA2C8}.Release|x86.ActiveCfg = Release|Win32
		{A55A6626-EED7-4A29-9F7D-E7E3358FA2C8}.Release|x86.Build.0 = Release|Win32
		{A34FA71B-A60D-4A9D-B25D-063BC7240CC5}.Debug|x64.ActiveCfg = Debug|x64
		{A34FA71B-A60D-4A9D-B25D-063BC7240CC5}.Debug|x64.Build.0 = Debug|x64
		{A34FA71B-A60D-4A9D-B25D-063BC7240CC5}.Debug|x86.ActiveCfg = Debug|Win32
		{A34FA71B-A60D-4A9D-B25D-063BC7240CC5}.Debug|x86.Build.0 = Debug|Win32
		{A34FA71B-A60D-4A9D-B25D-063BC7240CC5}.Release|x64.ActiveCfg = Release|x64
		{A34FA71B-A60D-4A9D-B25D-063BC7240CC5}.Release|x64.Build.0 = Release|x64
		{A34FA71B-A60D-4A9D-B25D-063BC7240CC5}.Release|x86.ActiveCfg = Release|Win32
		{A34FA71B-A60D-4A9D-B25D-063BC7240CC5}.Release|x86.Build.0 = Release|Win32
	EndGlobalSection
	GlobalSection(SolutionProperties) = preSolution
		HideSolutionNode = FALSE
	EndGlobalSection
	GlobalSection(ExtensibilityGlobals) = postSolution
		SolutionGuid = {23F80F2A-88E3-4301-AFCC-CAEBF2539647}
	EndGlobalSection
EndGlobal
