<?xml version="1.0" encoding="utf-8"?>
<Project ToolsVersion="4.0" xmlns="http://schemas.microsoft.com/developer/msbuild/2003">
  <ItemGroup>
    <Filter Include="Interfaces">
      <UniqueIdentifier>{93995380-89BD-4b04-88EB-625FBE52EBFB}</UniqueIdentifier>
      <Extensions>ixx</Extensions>
    </Filter>
    <Filter Include="Implementations">
      <UniqueIdentifier>{4FC737F1-C7A5-4376-A066-2A32D752A2FF}</UniqueIdentifier>
      <Extensions>cpp</Extensions>
    </Filter>
  </ItemGroup>
  <ItemGroup>
    <ClCompile Include="GraphicsResources.ixx">
      <Filter>Interfaces</Filter>
    </ClCompile>
    <ClCompile Include="LightSourceComponent.cpp">
      <Filter>Implementations</Filter>
    </ClCompile>
    <ClCompile Include="LightSourceComponent.ixx">
      <Filter>Interfaces</Filter>
    </ClCompile>
    <ClCompile Include="Mesh.cpp">
      <Filter>Implementations</Filter>
    </ClCompile>
    <ClCompile Include="Mesh.ixx">
      <Filter>Interfaces</Filter>
    </ClCompile>
    <ClCompile Include="ModelComponent.cpp">
      <Filter>Implementations</Filter>
    </ClCompile>
    <ClCompile Include="ModelComponent.ixx">
      <Filter>Interfaces</Filter>
    </ClCompile>
    <ClCompile Include="Renderer.cpp">
      <Filter>Implementations</Filter>
    </ClCompile>
    <ClCompile Include="Renderer.ixx">
      <Filter>Interfaces</Filter>
    </ClCompile>
    <ClCompile Include="ShaderProgram.cpp">
      <Filter>Implementations</Filter>
    </ClCompile>
    <ClCompile Include="ShaderProgram.ixx">
      <Filter>Interfaces</Filter>
    </ClCompile>
    <ClCompile Include="Texture.cpp">
      <Filter>Implementations</Filter>
    </ClCompile>
    <ClCompile Include="Texture.ixx">
      <Filter>Interfaces</Filter>
    </ClCompile>
    <ClCompile Include="Vertex.cpp">
      <Filter>Implementations</Filter>
    </ClCompile>
    <ClCompile Include="GraphicsComponents.ixx">
      <Filter>Interfaces</Filter>
    </ClCompile>
    <ClCompile Include="Utilities.ixx">
      <Filter>Interfaces</Filter>
    </ClCompile>
    <ClCompile Include="MeshHelpers.cpp">
      <Filter>Implementations</Filter>
    </ClCompile>
    <ClCompile Include="MeshHelpers.ixx">
      <Filter>Interfaces</Filter>
    </ClCompile>
    <ClCompile Include="Vertex.ixx">
      <Filter>Interfaces</Filter>
    </ClCompile>
    <ClCompile Include="Camera.ixx">
      <Filter>Interfaces</Filter>
    </ClCompile>
    <ClCompile Include="Camera.cpp">
      <Filter>Implementations</Filter>
    </ClCompile>
    <ClCompile Include="Material.ixx">
      <Filter>Interfaces</Filter>
    </ClCompile>
    <ClCompile Include="Material.cpp">
      <Filter>Implementations</Filter>
    </ClCompile>
    <ClCompile Include="PointLightComponent.cpp">
      <Filter>Implementations</Filter>
    </ClCompile>
    <ClCompile Include="DirectionalLightComponent.cpp">
      <Filter>Implementations</Filter>
    </ClCompile>
  </ItemGroup>
</Project>