<?xml version="1.0" encoding="utf-8"?>
<Project ToolsVersion="4.0" xmlns="http://schemas.microsoft.com/developer/msbuild/2003">
  <ItemGroup>
    <Filter Include="Interfaces">
      <UniqueIdentifier>{e7997daf-5241-48eb-81f3-10cb3ed99a44}</UniqueIdentifier>
    </Filter>
    <Filter Include="Implementations">
      <UniqueIdentifier>{878d05d6-4e20-46b0-a8e5-9437d437d0b6}</UniqueIdentifier>
    </Filter>
    <Filter Include="Interfaces\Components">
      <UniqueIdentifier>{4769fb71-8749-4c79-a36e-6f1e205c98f8}</UniqueIdentifier>
    </Filter>
    <Filter Include="Implementations\Components">
      <UniqueIdentifier>{0fe5ceea-1f66-4f06-9864-96960eae2e2b}</UniqueIdentifier>
    </Filter>
    <Filter Include="Interfaces\Resources">
      <UniqueIdentifier>{7a9e7b95-1395-43bf-b0d6-cb66c0e3a784}</UniqueIdentifier>
    </Filter>
    <Filter Include="Implementations\Resources">
      <UniqueIdentifier>{c389c5ed-8242-47a1-a4a7-cda0b89ee06f}</UniqueIdentifier>
    </Filter>
    <Filter Include="Interfaces\Functions">
      <UniqueIdentifier>{595e0b4e-2a58-4867-8246-c40de730e028}</UniqueIdentifier>
    </Filter>
    <Filter Include="Implementations\Functions">
      <UniqueIdentifier>{51fa72cc-886a-4698-893b-d2d5da8d9212}</UniqueIdentifier>
    </Filter>
  </ItemGroup>
  <ItemGroup>
    <ClCompile Include="Simulator.ixx">
      <Filter>Interfaces</Filter>
    </ClCompile>
    <ClCompile Include="Simulator.cpp">
      <Filter>Implementations</Filter>
    </ClCompile>
    <ClCompile Include="Physics.ixx">
      <Filter>Interfaces</Filter>
    </ClCompile>
    <ClCompile Include="CollisionHandler.ixx">
      <Filter>Interfaces</Filter>
    </ClCompile>
    <ClCompile Include="CollisionHandler.cpp">
      <Filter>Implementations</Filter>
    </ClCompile>
    <ClCompile Include="BodyComponent.ixx">
      <Filter>Interfaces\Components</Filter>
    </ClCompile>
    <ClCompile Include="BoxColliderComponent.ixx">
      <Filter>Interfaces\Components</Filter>
    </ClCompile>
    <ClCompile Include="ColliderComponent.ixx">
      <Filter>Interfaces\Components</Filter>
    </ClCompile>
    <ClCompile Include="BodyComponent.cpp">
      <Filter>Implementations\Components</Filter>
    </ClCompile>
    <ClCompile Include="BoxColliderComponent.cpp">
      <Filter>Implementations\Components</Filter>
    </ClCompile>
    <ClCompile Include="ColliderComponent.cpp">
      <Filter>Implementations\Components</Filter>
    </ClCompile>
    <ClCompile Include="PhysicsComponents.ixx">
      <Filter>Interfaces\Components</Filter>
    </ClCompile>
    <ClCompile Include="PhysicsResources.ixx">
      <Filter>Interfaces\Resources</Filter>
    </ClCompile>
    <ClCompile Include="Collision.ixx">
      <Filter>Interfaces\Resources</Filter>
    </ClCompile>
    <ClCompile Include="Collision.cpp">
      <Filter>Implementations\Resources</Filter>
    </ClCompile>
    <ClCompile Include="SphereColliderComponent.ixx">
      <Filter>Interfaces\Components</Filter>
    </ClCompile>
    <ClCompile Include="SphereColliderComponent.cpp">
      <Filter>Implementations\Components</Filter>
    </ClCompile>
    <ClCompile Include="CollisionFunctions.ixx">
      <Filter>Interfaces\Functions</Filter>
    </ClCompile>
    <ClCompile Include="CollisionFunctions.cpp">
      <Filter>Implementations\Functions</Filter>
    </ClCompile>
    <ClCompile Include="ContactPoints.ixx">
      <Filter>Interfaces\Functions</Filter>
    </ClCompile>
    <ClCompile Include="ContactPoints.cpp">
      <Filter>Implementations\Functions</Filter>
    </ClCompile>
  </ItemGroup>
</Project>