<?xml version="1.0" encoding="utf-8"?>
<Project ToolsVersion="4.0" xmlns="http://schemas.microsoft.com/developer/msbuild/2003">
  <ItemGroup>
    <Filter Include="Interfaces">
      <UniqueIdentifier>{e7997daf-5241-48eb-81f3-10cb3ed99a44}</UniqueIdentifier>
    </Filter>
    <Filter Include="Implementations">
      <UniqueIdentifier>{878d05d6-4e20-46b0-a8e5-9437d437d0b6}</UniqueIdentifier>
    </Filter>
  </ItemGroup>
  <ItemGroup>
    <ClCompile Include="PhysicsComponents.ixx">
      <Filter>Interfaces</Filter>
    </ClCompile>
    <ClCompile Include="BodyComponent.ixx">
      <Filter>Interfaces</Filter>
    </ClCompile>
    <ClCompile Include="Simulator.ixx">
      <Filter>Interfaces</Filter>
    </ClCompile>
    <ClCompile Include="BodyComponent.cpp">
      <Filter>Implementations</Filter>
    </ClCompile>
    <ClCompile Include="Simulator.cpp">
      <Filter>Implementations</Filter>
    </ClCompile>
    <ClCompile Include="Physics.ixx">
      <Filter>Interfaces</Filter>
    </ClCompile>
    <ClCompile Include="ColliderComponent.ixx">
      <Filter>Interfaces</Filter>
    </ClCompile>
    <ClCompile Include="CollisionHandler.ixx">
      <Filter>Interfaces</Filter>
    </ClCompile>
    <ClCompile Include="BoxColliderComponent.ixx">
      <Filter>Interfaces</Filter>
    </ClCompile>
    <ClCompile Include="ColliderComponent.cpp">
      <Filter>Implementations</Filter>
    </ClCompile>
    <ClCompile Include="BoxColliderComponent.cpp">
      <Filter>Implementations</Filter>
    </ClCompile>
  </ItemGroup>
</Project>