<?xml version="1.0" encoding="utf-8"?>
<Project ToolsVersion="4.0" xmlns="http://schemas.microsoft.com/developer/msbuild/2003">
  <ItemGroup>
    <Filter Include="Interfaces">
      <UniqueIdentifier>{f310dada-e143-42a8-a70c-d1f870b17a68}</UniqueIdentifier>
      <Extensions>ixx</Extensions>
    </Filter>
    <Filter Include="Implementations">
      <UniqueIdentifier>{5f3ef1c5-a7df-40fa-aba7-6c170bb76bfd}</UniqueIdentifier>
      <Extensions>cpp</Extensions>
    </Filter>
  </ItemGroup>
  <ItemGroup>
    <ClCompile Include="Common.ixx">
      <Filter>Interfaces</Filter>
    </ClCompile>
    <ClCompile Include="Entity.cpp">
      <Filter>Implementations</Filter>
    </ClCompile>
    <ClCompile Include="GeometryHelpers.ixx">
      <Filter>Interfaces</Filter>
    </ClCompile>
    <ClCompile Include="GeometryHelpers.cpp">
      <Filter>Implementations</Filter>
    </ClCompile>
  </ItemGroup>
</Project>